
Microsoft Visual Studio Solution File, Format Version 12.00
# Visual Studio Version 17
VisualStudioVersion = 17.3.32819.101
MinimumVisualStudioVersion = 10.0.40219.1
Project("{FAE04EC0-301F-11D3-BF4B-00C04F79EFBC}") = "GruppUppgift Väderdata", "GruppUppgift Väderdata.csproj", "{518F6E70-0C76-429B-AAB1-E62C50A0EF6E}"
EndProject
Global
	GlobalSection(SolutionConfigurationPlatforms) = preSolution
		Debug|Any CPU = Debug|Any CPU
		Release|Any CPU = Release|Any CPU
	EndGlobalSection
	GlobalSection(ProjectConfigurationPlatforms) = postSolution
		{518F6E70-0C76-429B-AAB1-E62C50A0EF6E}.Debug|Any CPU.ActiveCfg = Debug|Any CPU
		{518F6E70-0C76-429B-AAB1-E62C50A0EF6E}.Debug|Any CPU.Build.0 = Debug|Any CPU
		{518F6E70-0C76-429B-AAB1-E62C50A0EF6E}.Release|Any CPU.ActiveCfg = Release|Any CPU
		{518F6E70-0C76-429B-AAB1-E62C50A0EF6E}.Release|Any CPU.Build.0 = Release|Any CPU
	EndGlobalSection
	GlobalSection(SolutionProperties) = preSolution
		HideSolutionNode = FALSE
	EndGlobalSection
	GlobalSection(ExtensibilityGlobals) = postSolution
		SolutionGuid = {D6C8AAC1-25CF-4982-95AE-AB8117575220}
	EndGlobalSection
EndGlobal
